// !$*UTF8*$!
{
	archiveVersion = 1;
	classes = {
	};
	objectVersion = 56;
	objects = {

/* Begin PBXBuildFile section */
		08BDF1C72CA9C35E00D5CD25 /* TaskCompletionManager.swift in Sources */ = {isa = PBXBuildFile; fileRef = 08BDF1C62CA9C35E00D5CD25 /* TaskCompletionManager.swift */; };
		0F2CE9CF2B8EED070095DF52 /* TimerScreen.swift in Sources */ = {isa = PBXBuildFile; fileRef = 0F2CE9CE2B8EED070095DF52 /* TimerScreen.swift */; };
		0F2CE9D32B8F4D4D0095DF52 /* ResultScreen.swift in Sources */ = {isa = PBXBuildFile; fileRef = 0F2CE9D22B8F4D4D0095DF52 /* ResultScreen.swift */; };
		0F2CE9D52B9038F60095DF52 /* ProgressBar.swift in Sources */ = {isa = PBXBuildFile; fileRef = 0F2CE9D42B9038F60095DF52 /* ProgressBar.swift */; };
		0F2CE9DB2B919BF10095DF52 /* CircularProgressBar.swift in Sources */ = {isa = PBXBuildFile; fileRef = 0F2CE9DA2B919BF10095DF52 /* CircularProgressBar.swift */; };
		0FFC76622B970325008197FB /* BarChart.swift in Sources */ = {isa = PBXBuildFile; fileRef = 0FFC76612B970325008197FB /* BarChart.swift */; };
		1FC1108B2B90439C00B7C792 /* SideMenu.swift in Sources */ = {isa = PBXBuildFile; fileRef = 1FC1108A2B90439C00B7C792 /* SideMenu.swift */; };
		1FC110932B9053C900B7C792 /* FriendsView.swift in Sources */ = {isa = PBXBuildFile; fileRef = 1FC110922B9053C900B7C792 /* FriendsView.swift */; };
		1FC110952B9053FB00B7C792 /* ProSubscriptionView.swift in Sources */ = {isa = PBXBuildFile; fileRef = 1FC110942B9053FB00B7C792 /* ProSubscriptionView.swift */; };
		1FC110992B90542A00B7C792 /* TagsView.swift in Sources */ = {isa = PBXBuildFile; fileRef = 1FC110982B90542A00B7C792 /* TagsView.swift */; };
		1FC1109B2B90543800B7C792 /* AchievementsView.swift in Sources */ = {isa = PBXBuildFile; fileRef = 1FC1109A2B90543800B7C792 /* AchievementsView.swift */; };
		1FC1109D2B90544600B7C792 /* NewsView.swift in Sources */ = {isa = PBXBuildFile; fileRef = 1FC1109C2B90544600B7C792 /* NewsView.swift */; };
		1FC1109F2B90545400B7C792 /* SettingsView.swift in Sources */ = {isa = PBXBuildFile; fileRef = 1FC1109E2B90545400B7C792 /* SettingsView.swift */; };
		1FC118432B8EE2B7005C69AF /* GoalFishApp.swift in Sources */ = {isa = PBXBuildFile; fileRef = 1FC118422B8EE2B7005C69AF /* GoalFishApp.swift */; };
		1FC118452B8EE2B7005C69AF /* ContentView.swift in Sources */ = {isa = PBXBuildFile; fileRef = 1FC118442B8EE2B7005C69AF /* ContentView.swift */; };
		1FC118472B8EE2B8005C69AF /* Assets.xcassets in Resources */ = {isa = PBXBuildFile; fileRef = 1FC118462B8EE2B8005C69AF /* Assets.xcassets */; };
		1FC1184A2B8EE2B8005C69AF /* Preview Assets.xcassets in Resources */ = {isa = PBXBuildFile; fileRef = 1FC118492B8EE2B8005C69AF /* Preview Assets.xcassets */; };
		1FC118542B8EE2B8005C69AF /* GoalFishTests.swift in Sources */ = {isa = PBXBuildFile; fileRef = 1FC118532B8EE2B8005C69AF /* GoalFishTests.swift */; };
		1FC1185E2B8EE2B8005C69AF /* GoalFishUITests.swift in Sources */ = {isa = PBXBuildFile; fileRef = 1FC1185D2B8EE2B8005C69AF /* GoalFishUITests.swift */; };
		1FC118602B8EE2B8005C69AF /* GoalFishUITestsLaunchTests.swift in Sources */ = {isa = PBXBuildFile; fileRef = 1FC1185F2B8EE2B8005C69AF /* GoalFishUITestsLaunchTests.swift */; };
		1FC119292B8EFE97005C69AF /* FishSelectionView.swift in Sources */ = {isa = PBXBuildFile; fileRef = 1FC119282B8EFE97005C69AF /* FishSelectionView.swift */; };
		1FC1192B2B8F08D7005C69AF /* SplashScreen.swift in Sources */ = {isa = PBXBuildFile; fileRef = 1FC1192A2B8F08D7005C69AF /* SplashScreen.swift */; };
		96399DA92CC8051400F4CDC8 /* StartButton.json in Resources */ = {isa = PBXBuildFile; fileRef = 96399DA82CC8051400F4CDC8 /* StartButton.json */; };
		96399DAB2CC806CD00F4CDC8 /* LottieView.swift in Sources */ = {isa = PBXBuildFile; fileRef = 96399DAA2CC806CD00F4CDC8 /* LottieView.swift */; };
		96399DAD2CC80DE300F4CDC8 /* Dokdo.ttf in Resources */ = {isa = PBXBuildFile; fileRef = 96399DAC2CC80DE300F4CDC8 /* Dokdo.ttf */; };
		96399DB22CC8156100F4CDC8 /* Magic.ttf in Resources */ = {isa = PBXBuildFile; fileRef = 96399DB12CC8156100F4CDC8 /* Magic.ttf */; };
		96399DEA2CC81D2800F4CDC8 /* GoalFish-Info.plist in Resources */ = {isa = PBXBuildFile; fileRef = 96399DE92CC81D2800F4CDC8 /* GoalFish-Info.plist */; };
		96399DEC2CC81E6D00F4CDC8 /* Supercell-Magic.ttf in Resources */ = {isa = PBXBuildFile; fileRef = 96399DEB2CC81E6D00F4CDC8 /* Supercell-Magic.ttf */; };
		96399DEE2CCB29DD00F4CDC8 /* fisherman.json in Resources */ = {isa = PBXBuildFile; fileRef = 96399DED2CCB29DD00F4CDC8 /* fisherman.json */; };
		96399DF02CCB2AD700F4CDC8 /* fishes.json in Resources */ = {isa = PBXBuildFile; fileRef = 96399DEF2CCB2AD700F4CDC8 /* fishes.json */; };
		96CEA3002CC59FC100241977 /* CircularSlider.swift in Sources */ = {isa = PBXBuildFile; fileRef = 96CEA2FF2CC59FC100241977 /* CircularSlider.swift */; };
		96CEA3022CC5C36500241977 /* AnimationMain.json in Resources */ = {isa = PBXBuildFile; fileRef = 96CEA3012CC5C36500241977 /* AnimationMain.json */; };
		96FD68922D5011760084057E /* UserModels.swift in Sources */ = {isa = PBXBuildFile; fileRef = 96FD68912D5011760084057E /* UserModels.swift */; };
		96FD68942D5011C50084057E /* HomeViewModel.swift in Sources */ = {isa = PBXBuildFile; fileRef = 96FD68932D5011C50084057E /* HomeViewModel.swift */; };
		96FE98742CC56CC60060E28E /* splashscreen.json in Resources */ = {isa = PBXBuildFile; fileRef = 96FE98732CC55CB50060E28E /* splashscreen.json */; };
		96FE98772CC590EC0060E28E /* CircularSlider in Frameworks */ = {isa = PBXBuildFile; productRef = 96FE98762CC590EC0060E28E /* CircularSlider */; };
		DC3E0FD42BB2280400411550 /* StoreView.swift in Sources */ = {isa = PBXBuildFile; fileRef = 1FC110962B90541200B7C792 /* StoreView.swift */; };
		DC46E0FE2BC8F5210084D2D7 /* Lottie in Frameworks */ = {isa = PBXBuildFile; productRef = DC46E0FD2BC8F5210084D2D7 /* Lottie */; };
		DCC251B32BC911290096006A /*  RadialGaugeChart.swift in Sources */ = {isa = PBXBuildFile; fileRef = DCC251B22BC911290096006A /*  RadialGaugeChart.swift */; };
		DCC6F7772BC41E03008D1BD2 /* AnimatedView.swift in Sources */ = {isa = PBXBuildFile; fileRef = DCC6F7762BC41E03008D1BD2 /* AnimatedView.swift */; };
/* End PBXBuildFile section */

/* Begin PBXContainerItemProxy section */
		1FC118502B8EE2B8005C69AF /* PBXContainerItemProxy */ = {
			isa = PBXContainerItemProxy;
			containerPortal = 1FC118372B8EE2B7005C69AF /* Project object */;
			proxyType = 1;
			remoteGlobalIDString = 1FC1183E2B8EE2B7005C69AF;
			remoteInfo = GoalFish;
		};
		1FC1185A2B8EE2B8005C69AF /* PBXContainerItemProxy */ = {
			isa = PBXContainerItemProxy;
			containerPortal = 1FC118372B8EE2B7005C69AF /* Project object */;
			proxyType = 1;
			remoteGlobalIDString = 1FC1183E2B8EE2B7005C69AF;
			remoteInfo = GoalFish;
		};
/* End PBXContainerItemProxy section */

/* Begin PBXFileReference section */
		08BDF1C62CA9C35E00D5CD25 /* TaskCompletionManager.swift */ = {isa = PBXFileReference; lastKnownFileType = sourcecode.swift; path = TaskCompletionManager.swift; sourceTree = "<group>"; };
		0F2CE9CE2B8EED070095DF52 /* TimerScreen.swift */ = {isa = PBXFileReference; lastKnownFileType = sourcecode.swift; path = TimerScreen.swift; sourceTree = "<group>"; };
		0F2CE9D22B8F4D4D0095DF52 /* ResultScreen.swift */ = {isa = PBXFileReference; lastKnownFileType = sourcecode.swift; path = ResultScreen.swift; sourceTree = "<group>"; };
		0F2CE9D42B9038F60095DF52 /* ProgressBar.swift */ = {isa = PBXFileReference; lastKnownFileType = sourcecode.swift; path = ProgressBar.swift; sourceTree = "<group>"; };
		0F2CE9DA2B919BF10095DF52 /* CircularProgressBar.swift */ = {isa = PBXFileReference; lastKnownFileType = sourcecode.swift; path = CircularProgressBar.swift; sourceTree = "<group>"; };
		0FFC76612B970325008197FB /* BarChart.swift */ = {isa = PBXFileReference; lastKnownFileType = sourcecode.swift; path = BarChart.swift; sourceTree = "<group>"; };
		1FC1108A2B90439C00B7C792 /* SideMenu.swift */ = {isa = PBXFileReference; lastKnownFileType = sourcecode.swift; path = SideMenu.swift; sourceTree = "<group>"; };
		1FC110922B9053C900B7C792 /* FriendsView.swift */ = {isa = PBXFileReference; lastKnownFileType = sourcecode.swift; path = FriendsView.swift; sourceTree = "<group>"; };
		1FC110942B9053FB00B7C792 /* ProSubscriptionView.swift */ = {isa = PBXFileReference; lastKnownFileType = sourcecode.swift; path = ProSubscriptionView.swift; sourceTree = "<group>"; };
		1FC110962B90541200B7C792 /* StoreView.swift */ = {isa = PBXFileReference; lastKnownFileType = sourcecode.swift; path = StoreView.swift; sourceTree = "<group>"; };
		1FC110982B90542A00B7C792 /* TagsView.swift */ = {isa = PBXFileReference; lastKnownFileType = sourcecode.swift; path = TagsView.swift; sourceTree = "<group>"; };
		1FC1109A2B90543800B7C792 /* AchievementsView.swift */ = {isa = PBXFileReference; lastKnownFileType = sourcecode.swift; path = AchievementsView.swift; sourceTree = "<group>"; };
		1FC1109C2B90544600B7C792 /* NewsView.swift */ = {isa = PBXFileReference; lastKnownFileType = sourcecode.swift; path = NewsView.swift; sourceTree = "<group>"; };
		1FC1109E2B90545400B7C792 /* SettingsView.swift */ = {isa = PBXFileReference; lastKnownFileType = sourcecode.swift; path = SettingsView.swift; sourceTree = "<group>"; };
		1FC1183F2B8EE2B7005C69AF /* GoalFish.app */ = {isa = PBXFileReference; explicitFileType = wrapper.application; includeInIndex = 0; path = GoalFish.app; sourceTree = BUILT_PRODUCTS_DIR; };
		1FC118422B8EE2B7005C69AF /* GoalFishApp.swift */ = {isa = PBXFileReference; lastKnownFileType = sourcecode.swift; path = GoalFishApp.swift; sourceTree = "<group>"; };
		1FC118442B8EE2B7005C69AF /* ContentView.swift */ = {isa = PBXFileReference; lastKnownFileType = sourcecode.swift; path = ContentView.swift; sourceTree = "<group>"; };
		1FC118462B8EE2B8005C69AF /* Assets.xcassets */ = {isa = PBXFileReference; lastKnownFileType = folder.assetcatalog; path = Assets.xcassets; sourceTree = "<group>"; };
		1FC118492B8EE2B8005C69AF /* Preview Assets.xcassets */ = {isa = PBXFileReference; lastKnownFileType = folder.assetcatalog; path = "Preview Assets.xcassets"; sourceTree = "<group>"; };
		1FC1184F2B8EE2B8005C69AF /* GoalFishTests.xctest */ = {isa = PBXFileReference; explicitFileType = wrapper.cfbundle; includeInIndex = 0; path = GoalFishTests.xctest; sourceTree = BUILT_PRODUCTS_DIR; };
		1FC118532B8EE2B8005C69AF /* GoalFishTests.swift */ = {isa = PBXFileReference; lastKnownFileType = sourcecode.swift; path = GoalFishTests.swift; sourceTree = "<group>"; };
		1FC118592B8EE2B8005C69AF /* GoalFishUITests.xctest */ = {isa = PBXFileReference; explicitFileType = wrapper.cfbundle; includeInIndex = 0; path = GoalFishUITests.xctest; sourceTree = BUILT_PRODUCTS_DIR; };
		1FC1185D2B8EE2B8005C69AF /* GoalFishUITests.swift */ = {isa = PBXFileReference; lastKnownFileType = sourcecode.swift; path = GoalFishUITests.swift; sourceTree = "<group>"; };
		1FC1185F2B8EE2B8005C69AF /* GoalFishUITestsLaunchTests.swift */ = {isa = PBXFileReference; lastKnownFileType = sourcecode.swift; path = GoalFishUITestsLaunchTests.swift; sourceTree = "<group>"; };
		1FC119282B8EFE97005C69AF /* FishSelectionView.swift */ = {isa = PBXFileReference; lastKnownFileType = sourcecode.swift; path = FishSelectionView.swift; sourceTree = "<group>"; };
		1FC1192A2B8F08D7005C69AF /* SplashScreen.swift */ = {isa = PBXFileReference; lastKnownFileType = sourcecode.swift; path = SplashScreen.swift; sourceTree = "<group>"; };
		96399DA82CC8051400F4CDC8 /* StartButton.json */ = {isa = PBXFileReference; lastKnownFileType = text.json; path = StartButton.json; sourceTree = "<group>"; };
		96399DAA2CC806CD00F4CDC8 /* LottieView.swift */ = {isa = PBXFileReference; lastKnownFileType = sourcecode.swift; path = LottieView.swift; sourceTree = "<group>"; };
		96399DAC2CC80DE300F4CDC8 /* Dokdo.ttf */ = {isa = PBXFileReference; lastKnownFileType = file; path = Dokdo.ttf; sourceTree = "<group>"; };
		96399DB12CC8156100F4CDC8 /* Magic.ttf */ = {isa = PBXFileReference; lastKnownFileType = file; path = Magic.ttf; sourceTree = "<group>"; };
		96399DE92CC81D2800F4CDC8 /* GoalFish-Info.plist */ = {isa = PBXFileReference; lastKnownFileType = text.plist.xml; path = "GoalFish-Info.plist"; sourceTree = "<group>"; };
		96399DEB2CC81E6D00F4CDC8 /* Supercell-Magic.ttf */ = {isa = PBXFileReference; lastKnownFileType = file; path = "Supercell-Magic.ttf"; sourceTree = "<group>"; };
		96399DED2CCB29DD00F4CDC8 /* fisherman.json */ = {isa = PBXFileReference; lastKnownFileType = text.json; path = fisherman.json; sourceTree = "<group>"; };
		96399DEF2CCB2AD700F4CDC8 /* fishes.json */ = {isa = PBXFileReference; lastKnownFileType = text.json; path = fishes.json; sourceTree = "<group>"; };
		96CEA2FF2CC59FC100241977 /* CircularSlider.swift */ = {isa = PBXFileReference; lastKnownFileType = sourcecode.swift; path = CircularSlider.swift; sourceTree = "<group>"; };
		96CEA3012CC5C36500241977 /* AnimationMain.json */ = {isa = PBXFileReference; lastKnownFileType = text.json; path = AnimationMain.json; sourceTree = "<group>"; };
		96CEA3032CC5D66C00241977 /* ShellCounterView.swift */ = {isa = PBXFileReference; lastKnownFileType = sourcecode.swift; path = ShellCounterView.swift; sourceTree = "<group>"; };
		96FD68912D5011760084057E /* UserModels.swift */ = {isa = PBXFileReference; lastKnownFileType = sourcecode.swift; path = UserModels.swift; sourceTree = "<group>"; };
		96FD68932D5011C50084057E /* HomeViewModel.swift */ = {isa = PBXFileReference; lastKnownFileType = sourcecode.swift; path = HomeViewModel.swift; sourceTree = "<group>"; };
		96FE98732CC55CB50060E28E /* splashscreen.json */ = {isa = PBXFileReference; lastKnownFileType = text.json; path = splashscreen.json; sourceTree = "<group>"; };
		DCC251B22BC911290096006A /*  RadialGaugeChart.swift */ = {isa = PBXFileReference; fileEncoding = 4; lastKnownFileType = sourcecode.swift; path = " RadialGaugeChart.swift"; sourceTree = "<group>"; };
		DCC6F7762BC41E03008D1BD2 /* AnimatedView.swift */ = {isa = PBXFileReference; lastKnownFileType = sourcecode.swift; path = AnimatedView.swift; sourceTree = "<group>"; };
/* End PBXFileReference section */

/* Begin PBXFrameworksBuildPhase section */
		1FC1183C2B8EE2B7005C69AF /* Frameworks */ = {
			isa = PBXFrameworksBuildPhase;
			buildActionMask = 2147483647;
			files = (
				96FE98772CC590EC0060E28E /* CircularSlider in Frameworks */,
				DC46E0FE2BC8F5210084D2D7 /* Lottie in Frameworks */,
			);
			runOnlyForDeploymentPostprocessing = 0;
		};
		1FC1184C2B8EE2B8005C69AF /* Frameworks */ = {
			isa = PBXFrameworksBuildPhase;
			buildActionMask = 2147483647;
			files = (
			);
			runOnlyForDeploymentPostprocessing = 0;
		};
		1FC118562B8EE2B8005C69AF /* Frameworks */ = {
			isa = PBXFrameworksBuildPhase;
			buildActionMask = 2147483647;
			files = (
			);
			runOnlyForDeploymentPostprocessing = 0;
		};
/* End PBXFrameworksBuildPhase section */

/* Begin PBXGroup section */
		1FC118362B8EE2B7005C69AF = {
			isa = PBXGroup;
			children = (
				1FC118412B8EE2B7005C69AF /* GoalFishMain */,
				1FC118522B8EE2B8005C69AF /* GoalFishTests */,
				1FC1185C2B8EE2B8005C69AF /* GoalFishUITests */,
				1FC118402B8EE2B7005C69AF /* Products */,
				96399DE92CC81D2800F4CDC8 /* GoalFish-Info.plist */,
			);
			sourceTree = "<group>";
		};
		1FC118402B8EE2B7005C69AF /* Products */ = {
			isa = PBXGroup;
			children = (
				1FC1183F2B8EE2B7005C69AF /* GoalFish.app */,
				1FC1184F2B8EE2B8005C69AF /* GoalFishTests.xctest */,
				1FC118592B8EE2B8005C69AF /* GoalFishUITests.xctest */,
			);
			name = Products;
			sourceTree = "<group>";
		};
		1FC118412B8EE2B7005C69AF /* GoalFishMain */ = {
			isa = PBXGroup;
			children = (
				96FD68902D4FFB250084057E /* NetworkManager */,
				96FD687D2D4FDCD90084057E /* Utility */,
				96FD687C2D4FDCD00084057E /* Common */,
				96FD687B2D4FDC980084057E /* Features */,
				1FC118422B8EE2B7005C69AF /* GoalFishApp.swift */,
				1FC118482B8EE2B8005C69AF /* Preview Content */,
			);
			path = GoalFishMain;
			sourceTree = "<group>";
		};
		1FC118482B8EE2B8005C69AF /* Preview Content */ = {
			isa = PBXGroup;
			children = (
				1FC118492B8EE2B8005C69AF /* Preview Assets.xcassets */,
			);
			path = "Preview Content";
			sourceTree = "<group>";
		};
		1FC118522B8EE2B8005C69AF /* GoalFishTests */ = {
			isa = PBXGroup;
			children = (
				1FC118532B8EE2B8005C69AF /* GoalFishTests.swift */,
			);
			path = GoalFishTests;
			sourceTree = "<group>";
		};
		1FC1185C2B8EE2B8005C69AF /* GoalFishUITests */ = {
			isa = PBXGroup;
			children = (
				1FC1185D2B8EE2B8005C69AF /* GoalFishUITests.swift */,
				1FC1185F2B8EE2B8005C69AF /* GoalFishUITestsLaunchTests.swift */,
			);
			path = GoalFishUITests;
			sourceTree = "<group>";
		};
		96FD687B2D4FDC980084057E /* Features */ = {
			isa = PBXGroup;
			children = (
				96FD688D2D4FE0960084057E /* ProSubscription */,
				96FD688C2D4FE08F0084057E /* News */,
				96FD688B2D4FE06C0084057E /* Achievements */,
				96FD688A2D4FE05F0084057E /* Friends */,
				96FD68892D4FDF250084057E /* Tags */,
				96FD68882D4FDF1D0084057E /* Settings */,
				96FD68832D4FDD890084057E /* ResultScreen */,
				96FD68822D4FDD7F0084057E /* TimerScreen */,
				96FD68812D4FDD580084057E /* SplashScreen */,
				96FD68802D4FDD400084057E /* HomeScreen */,
				96FD68872D4FDED30084057E /* Store */,
			);
			path = Features;
			sourceTree = "<group>";
		};
		96FD687C2D4FDCD00084057E /* Common */ = {
			isa = PBXGroup;
			children = (
				96FD68862D4FDE1B0084057E /* Models */,
				DCC6F7762BC41E03008D1BD2 /* AnimatedView.swift */,
				96399DAA2CC806CD00F4CDC8 /* LottieView.swift */,
				08BDF1C62CA9C35E00D5CD25 /* TaskCompletionManager.swift */,
				DCC251B22BC911290096006A /*  RadialGaugeChart.swift */,
				0F2CE9D42B9038F60095DF52 /* ProgressBar.swift */,
				0FFC76612B970325008197FB /* BarChart.swift */,
				96CEA2FF2CC59FC100241977 /* CircularSlider.swift */,
				0F2CE9DA2B919BF10095DF52 /* CircularProgressBar.swift */,
			);
			path = Common;
			sourceTree = "<group>";
		};
		96FD687D2D4FDCD90084057E /* Utility */ = {
			isa = PBXGroup;
			children = (
				96FD687F2D4FDCF60084057E /* Fonts */,
				96FD687E2D4FDCEE0084057E /* Animations */,
				1FC118462B8EE2B8005C69AF /* Assets.xcassets */,
			);
			path = Utility;
			sourceTree = "<group>";
		};
		96FD687E2D4FDCEE0084057E /* Animations */ = {
			isa = PBXGroup;
			children = (
				96399DEF2CCB2AD700F4CDC8 /* fishes.json */,
				96399DED2CCB29DD00F4CDC8 /* fisherman.json */,
				96399DA82CC8051400F4CDC8 /* StartButton.json */,
				96FE98732CC55CB50060E28E /* splashscreen.json */,
				96CEA3012CC5C36500241977 /* AnimationMain.json */,
			);
			path = Animations;
			sourceTree = "<group>";
		};
		96FD687F2D4FDCF60084057E /* Fonts */ = {
			isa = PBXGroup;
			children = (
				96399DAC2CC80DE300F4CDC8 /* Dokdo.ttf */,
				96399DEB2CC81E6D00F4CDC8 /* Supercell-Magic.ttf */,
				96399DB12CC8156100F4CDC8 /* Magic.ttf */,
			);
			path = Fonts;
			sourceTree = "<group>";
		};
		96FD68802D4FDD400084057E /* HomeScreen */ = {
			isa = PBXGroup;
			children = (
				96FD68852D4FDE050084057E /* ViewModel */,
				96FD68842D4FDDFF0084057E /* View */,
			);
			path = HomeScreen;
			sourceTree = "<group>";
		};
		96FD68812D4FDD580084057E /* SplashScreen */ = {
			isa = PBXGroup;
			children = (
				1FC1192A2B8F08D7005C69AF /* SplashScreen.swift */,
			);
			path = SplashScreen;
			sourceTree = "<group>";
		};
		96FD68822D4FDD7F0084057E /* TimerScreen */ = {
			isa = PBXGroup;
			children = (
				0F2CE9CE2B8EED070095DF52 /* TimerScreen.swift */,
			);
			path = TimerScreen;
			sourceTree = "<group>";
		};
		96FD68832D4FDD890084057E /* ResultScreen */ = {
			isa = PBXGroup;
			children = (
				0F2CE9D22B8F4D4D0095DF52 /* ResultScreen.swift */,
			);
			path = ResultScreen;
			sourceTree = "<group>";
		};
		96FD68842D4FDDFF0084057E /* View */ = {
			isa = PBXGroup;
			children = (
				1FC118442B8EE2B7005C69AF /* ContentView.swift */,
				1FC1108A2B90439C00B7C792 /* SideMenu.swift */,
				96CEA3032CC5D66C00241977 /* ShellCounterView.swift */,
				1FC119282B8EFE97005C69AF /* FishSelectionView.swift */,
			);
			path = View;
			sourceTree = "<group>";
		};
		96FD68852D4FDE050084057E /* ViewModel */ = {
			isa = PBXGroup;
			children = (
				96FD68932D5011C50084057E /* HomeViewModel.swift */,
			);
			path = ViewModel;
			sourceTree = "<group>";
		};
		96FD68862D4FDE1B0084057E /* Models */ = {
			isa = PBXGroup;
			children = (
				96FD68912D5011760084057E /* UserModels.swift */,
			);
			path = Models;
			sourceTree = "<group>";
		};
		96FD68872D4FDED30084057E /* Store */ = {
			isa = PBXGroup;
			children = (
				1FC110962B90541200B7C792 /* StoreView.swift */,
			);
			path = Store;
			sourceTree = "<group>";
		};
		96FD68882D4FDF1D0084057E /* Settings */ = {
			isa = PBXGroup;
			children = (
				1FC1109E2B90545400B7C792 /* SettingsView.swift */,
			);
			path = Settings;
			sourceTree = "<group>";
		};
		96FD68892D4FDF250084057E /* Tags */ = {
			isa = PBXGroup;
			children = (
				1FC110982B90542A00B7C792 /* TagsView.swift */,
			);
			path = Tags;
			sourceTree = "<group>";
		};
		96FD688A2D4FE05F0084057E /* Friends */ = {
			isa = PBXGroup;
			children = (
				1FC110922B9053C900B7C792 /* FriendsView.swift */,
			);
			path = Friends;
			sourceTree = "<group>";
		};
		96FD688B2D4FE06C0084057E /* Achievements */ = {
			isa = PBXGroup;
			children = (
				1FC1109A2B90543800B7C792 /* AchievementsView.swift */,
			);
			path = Achievements;
			sourceTree = "<group>";
		};
		96FD688C2D4FE08F0084057E /* News */ = {
			isa = PBXGroup;
			children = (
				1FC1109C2B90544600B7C792 /* NewsView.swift */,
			);
			path = News;
			sourceTree = "<group>";
		};
		96FD688D2D4FE0960084057E /* ProSubscription */ = {
			isa = PBXGroup;
			children = (
				1FC110942B9053FB00B7C792 /* ProSubscriptionView.swift */,
			);
			path = ProSubscription;
			sourceTree = "<group>";
		};
		96FD68902D4FFB250084057E /* NetworkManager */ = {
			isa = PBXGroup;
			children = (
			);
			path = NetworkManager;
			sourceTree = "<group>";
		};
/* End PBXGroup section */

/* Begin PBXNativeTarget section */
		1FC1183E2B8EE2B7005C69AF /* GoalFish */ = {
			isa = PBXNativeTarget;
			buildConfigurationList = 1FC118632B8EE2B8005C69AF /* Build configuration list for PBXNativeTarget "GoalFish" */;
			buildPhases = (
				1FC1183B2B8EE2B7005C69AF /* Sources */,
				1FC1183C2B8EE2B7005C69AF /* Frameworks */,
				1FC1183D2B8EE2B7005C69AF /* Resources */,
			);
			buildRules = (
			);
			dependencies = (
			);
			name = GoalFish;
			packageProductDependencies = (
				DC46E0FD2BC8F5210084D2D7 /* Lottie */,
				96FE98762CC590EC0060E28E /* CircularSlider */,
			);
			productName = GoalFish;
			productReference = 1FC1183F2B8EE2B7005C69AF /* GoalFish.app */;
			productType = "com.apple.product-type.application";
		};
		1FC1184E2B8EE2B8005C69AF /* GoalFishTests */ = {
			isa = PBXNativeTarget;
			buildConfigurationList = 1FC118662B8EE2B8005C69AF /* Build configuration list for PBXNativeTarget "GoalFishTests" */;
			buildPhases = (
				1FC1184B2B8EE2B8005C69AF /* Sources */,
				1FC1184C2B8EE2B8005C69AF /* Frameworks */,
				1FC1184D2B8EE2B8005C69AF /* Resources */,
			);
			buildRules = (
			);
			dependencies = (
				1FC118512B8EE2B8005C69AF /* PBXTargetDependency */,
			);
			name = GoalFishTests;
			productName = GoalFishTests;
			productReference = 1FC1184F2B8EE2B8005C69AF /* GoalFishTests.xctest */;
			productType = "com.apple.product-type.bundle.unit-test";
		};
		1FC118582B8EE2B8005C69AF /* GoalFishUITests */ = {
			isa = PBXNativeTarget;
			buildConfigurationList = 1FC118692B8EE2B8005C69AF /* Build configuration list for PBXNativeTarget "GoalFishUITests" */;
			buildPhases = (
				1FC118552B8EE2B8005C69AF /* Sources */,
				1FC118562B8EE2B8005C69AF /* Frameworks */,
				1FC118572B8EE2B8005C69AF /* Resources */,
			);
			buildRules = (
			);
			dependencies = (
				1FC1185B2B8EE2B8005C69AF /* PBXTargetDependency */,
			);
			name = GoalFishUITests;
			productName = GoalFishUITests;
			productReference = 1FC118592B8EE2B8005C69AF /* GoalFishUITests.xctest */;
			productType = "com.apple.product-type.bundle.ui-testing";
		};
/* End PBXNativeTarget section */

/* Begin PBXProject section */
		1FC118372B8EE2B7005C69AF /* Project object */ = {
			isa = PBXProject;
			attributes = {
				BuildIndependentTargetsInParallel = 1;
				LastSwiftUpdateCheck = 1520;
				LastUpgradeCheck = 1520;
				TargetAttributes = {
					1FC1183E2B8EE2B7005C69AF = {
						CreatedOnToolsVersion = 15.2;
					};
					1FC1184E2B8EE2B8005C69AF = {
						CreatedOnToolsVersion = 15.2;
						TestTargetID = 1FC1183E2B8EE2B7005C69AF;
					};
					1FC118582B8EE2B8005C69AF = {
						CreatedOnToolsVersion = 15.2;
						TestTargetID = 1FC1183E2B8EE2B7005C69AF;
					};
				};
			};
			buildConfigurationList = 1FC1183A2B8EE2B7005C69AF /* Build configuration list for PBXProject "GoalFishMain" */;
			compatibilityVersion = "Xcode 14.0";
			developmentRegion = en;
			hasScannedForEncodings = 0;
			knownRegions = (
				en,
				Base,
			);
			mainGroup = 1FC118362B8EE2B7005C69AF;
			packageReferences = (
				DC46E0FC2BC8F5200084D2D7 /* XCRemoteSwiftPackageReference "lottie-ios" */,
				96FE98752CC590EC0060E28E /* XCRemoteSwiftPackageReference "CircularSlider" */,
			);
			productRefGroup = 1FC118402B8EE2B7005C69AF /* Products */;
			projectDirPath = "";
			projectRoot = "";
			targets = (
				1FC1183E2B8EE2B7005C69AF /* GoalFish */,
				1FC1184E2B8EE2B8005C69AF /* GoalFishTests */,
				1FC118582B8EE2B8005C69AF /* GoalFishUITests */,
			);
		};
/* End PBXProject section */

/* Begin PBXResourcesBuildPhase section */
		1FC1183D2B8EE2B7005C69AF /* Resources */ = {
			isa = PBXResourcesBuildPhase;
			buildActionMask = 2147483647;
			files = (
				96FE98742CC56CC60060E28E /* splashscreen.json in Resources */,
				96399DEC2CC81E6D00F4CDC8 /* Supercell-Magic.ttf in Resources */,
				1FC1184A2B8EE2B8005C69AF /* Preview Assets.xcassets in Resources */,
				96399DAD2CC80DE300F4CDC8 /* Dokdo.ttf in Resources */,
				96CEA3022CC5C36500241977 /* AnimationMain.json in Resources */,
				96399DA92CC8051400F4CDC8 /* StartButton.json in Resources */,
				96399DB22CC8156100F4CDC8 /* Magic.ttf in Resources */,
				96399DEE2CCB29DD00F4CDC8 /* fisherman.json in Resources */,
				96399DEA2CC81D2800F4CDC8 /* GoalFish-Info.plist in Resources */,
				1FC118472B8EE2B8005C69AF /* Assets.xcassets in Resources */,
				96399DF02CCB2AD700F4CDC8 /* fishes.json in Resources */,
			);
			runOnlyForDeploymentPostprocessing = 0;
		};
		1FC1184D2B8EE2B8005C69AF /* Resources */ = {
			isa = PBXResourcesBuildPhase;
			buildActionMask = 2147483647;
			files = (
			);
			runOnlyForDeploymentPostprocessing = 0;
		};
		1FC118572B8EE2B8005C69AF /* Resources */ = {
			isa = PBXResourcesBuildPhase;
			buildActionMask = 2147483647;
			files = (
			);
			runOnlyForDeploymentPostprocessing = 0;
		};
/* End PBXResourcesBuildPhase section */

/* Begin PBXSourcesBuildPhase section */
		1FC1183B2B8EE2B7005C69AF /* Sources */ = {
			isa = PBXSourcesBuildPhase;
			buildActionMask = 2147483647;
			files = (
				1FC1192B2B8F08D7005C69AF /* SplashScreen.swift in Sources */,
				1FC1109B2B90543800B7C792 /* AchievementsView.swift in Sources */,
				1FC1109D2B90544600B7C792 /* NewsView.swift in Sources */,
				96FD68942D5011C50084057E /* HomeViewModel.swift in Sources */,
				1FC118452B8EE2B7005C69AF /* ContentView.swift in Sources */,
				1FC119292B8EFE97005C69AF /* FishSelectionView.swift in Sources */,
				96CEA3002CC59FC100241977 /* CircularSlider.swift in Sources */,
				0F2CE9CF2B8EED070095DF52 /* TimerScreen.swift in Sources */,
				1FC110992B90542A00B7C792 /* TagsView.swift in Sources */,
				0F2CE9D32B8F4D4D0095DF52 /* ResultScreen.swift in Sources */,
				96399DAB2CC806CD00F4CDC8 /* LottieView.swift in Sources */,
				DCC6F7772BC41E03008D1BD2 /* AnimatedView.swift in Sources */,
				1FC1109F2B90545400B7C792 /* SettingsView.swift in Sources */,
				1FC118432B8EE2B7005C69AF /* GoalFishApp.swift in Sources */,
				0FFC76622B970325008197FB /* BarChart.swift in Sources */,
				DC3E0FD42BB2280400411550 /* StoreView.swift in Sources */,
				08BDF1C72CA9C35E00D5CD25 /* TaskCompletionManager.swift in Sources */,
				DCC251B32BC911290096006A /*  RadialGaugeChart.swift in Sources */,
				1FC1108B2B90439C00B7C792 /* SideMenu.swift in Sources */,
				0F2CE9DB2B919BF10095DF52 /* CircularProgressBar.swift in Sources */,
				96FD68922D5011760084057E /* UserModels.swift in Sources */,
				0F2CE9D52B9038F60095DF52 /* ProgressBar.swift in Sources */,
				1FC110932B9053C900B7C792 /* FriendsView.swift in Sources */,
				1FC110952B9053FB00B7C792 /* ProSubscriptionView.swift in Sources */,
			);
			runOnlyForDeploymentPostprocessing = 0;
		};
		1FC1184B2B8EE2B8005C69AF /* Sources */ = {
			isa = PBXSourcesBuildPhase;
			buildActionMask = 2147483647;
			files = (
				1FC118542B8EE2B8005C69AF /* GoalFishTests.swift in Sources */,
			);
			runOnlyForDeploymentPostprocessing = 0;
		};
		1FC118552B8EE2B8005C69AF /* Sources */ = {
			isa = PBXSourcesBuildPhase;
			buildActionMask = 2147483647;
			files = (
				1FC118602B8EE2B8005C69AF /* GoalFishUITestsLaunchTests.swift in Sources */,
				1FC1185E2B8EE2B8005C69AF /* GoalFishUITests.swift in Sources */,
			);
			runOnlyForDeploymentPostprocessing = 0;
		};
/* End PBXSourcesBuildPhase section */

/* Begin PBXTargetDependency section */
		1FC118512B8EE2B8005C69AF /* PBXTargetDependency */ = {
			isa = PBXTargetDependency;
			target = 1FC1183E2B8EE2B7005C69AF /* GoalFish */;
			targetProxy = 1FC118502B8EE2B8005C69AF /* PBXContainerItemProxy */;
		};
		1FC1185B2B8EE2B8005C69AF /* PBXTargetDependency */ = {
			isa = PBXTargetDependency;
			target = 1FC1183E2B8EE2B7005C69AF /* GoalFish */;
			targetProxy = 1FC1185A2B8EE2B8005C69AF /* PBXContainerItemProxy */;
		};
/* End PBXTargetDependency section */

/* Begin XCBuildConfiguration section */
		1FC118612B8EE2B8005C69AF /* Debug */ = {
			isa = XCBuildConfiguration;
			buildSettings = {
				ALWAYS_SEARCH_USER_PATHS = NO;
				ASSETCATALOG_COMPILER_GENERATE_SWIFT_ASSET_SYMBOL_EXTENSIONS = YES;
				CLANG_ANALYZER_NONNULL = YES;
				CLANG_ANALYZER_NUMBER_OBJECT_CONVERSION = YES_AGGRESSIVE;
				CLANG_CXX_LANGUAGE_STANDARD = "gnu++20";
				CLANG_ENABLE_MODULES = YES;
				CLANG_ENABLE_OBJC_ARC = YES;
				CLANG_ENABLE_OBJC_WEAK = YES;
				CLANG_WARN_BLOCK_CAPTURE_AUTORELEASING = YES;
				CLANG_WARN_BOOL_CONVERSION = YES;
				CLANG_WARN_COMMA = YES;
				CLANG_WARN_CONSTANT_CONVERSION = YES;
				CLANG_WARN_DEPRECATED_OBJC_IMPLEMENTATIONS = YES;
				CLANG_WARN_DIRECT_OBJC_ISA_USAGE = YES_ERROR;
				CLANG_WARN_DOCUMENTATION_COMMENTS = YES;
				CLANG_WARN_EMPTY_BODY = YES;
				CLANG_WARN_ENUM_CONVERSION = YES;
				CLANG_WARN_INFINITE_RECURSION = YES;
				CLANG_WARN_INT_CONVERSION = YES;
				CLANG_WARN_NON_LITERAL_NULL_CONVERSION = YES;
				CLANG_WARN_OBJC_IMPLICIT_RETAIN_SELF = YES;
				CLANG_WARN_OBJC_LITERAL_CONVERSION = YES;
				CLANG_WARN_OBJC_ROOT_CLASS = YES_ERROR;
				CLANG_WARN_QUOTED_INCLUDE_IN_FRAMEWORK_HEADER = YES;
				CLANG_WARN_RANGE_LOOP_ANALYSIS = YES;
				CLANG_WARN_STRICT_PROTOTYPES = YES;
				CLANG_WARN_SUSPICIOUS_MOVE = YES;
				CLANG_WARN_UNGUARDED_AVAILABILITY = YES_AGGRESSIVE;
				CLANG_WARN_UNREACHABLE_CODE = YES;
				CLANG_WARN__DUPLICATE_METHOD_MATCH = YES;
				COPY_PHASE_STRIP = NO;
				DEBUG_INFORMATION_FORMAT = dwarf;
				ENABLE_STRICT_OBJC_MSGSEND = YES;
				ENABLE_TESTABILITY = YES;
				ENABLE_USER_SCRIPT_SANDBOXING = YES;
				GCC_C_LANGUAGE_STANDARD = gnu17;
				GCC_DYNAMIC_NO_PIC = NO;
				GCC_NO_COMMON_BLOCKS = YES;
				GCC_OPTIMIZATION_LEVEL = 0;
				GCC_PREPROCESSOR_DEFINITIONS = (
					"DEBUG=1",
					"$(inherited)",
				);
				GCC_WARN_64_TO_32_BIT_CONVERSION = YES;
				GCC_WARN_ABOUT_RETURN_TYPE = YES_ERROR;
				GCC_WARN_UNDECLARED_SELECTOR = YES;
				GCC_WARN_UNINITIALIZED_AUTOS = YES_AGGRESSIVE;
				GCC_WARN_UNUSED_FUNCTION = YES;
				GCC_WARN_UNUSED_VARIABLE = YES;
				IPHONEOS_DEPLOYMENT_TARGET = 17.2;
				LOCALIZATION_PREFERS_STRING_CATALOGS = YES;
				MTL_ENABLE_DEBUG_INFO = INCLUDE_SOURCE;
				MTL_FAST_MATH = YES;
				ONLY_ACTIVE_ARCH = YES;
				SDKROOT = iphoneos;
				SWIFT_ACTIVE_COMPILATION_CONDITIONS = "DEBUG $(inherited)";
				SWIFT_OPTIMIZATION_LEVEL = "-Onone";
			};
			name = Debug;
		};
		1FC118622B8EE2B8005C69AF /* Release */ = {
			isa = XCBuildConfiguration;
			buildSettings = {
				ALWAYS_SEARCH_USER_PATHS = NO;
				ASSETCATALOG_COMPILER_GENERATE_SWIFT_ASSET_SYMBOL_EXTENSIONS = YES;
				CLANG_ANALYZER_NONNULL = YES;
				CLANG_ANALYZER_NUMBER_OBJECT_CONVERSION = YES_AGGRESSIVE;
				CLANG_CXX_LANGUAGE_STANDARD = "gnu++20";
				CLANG_ENABLE_MODULES = YES;
				CLANG_ENABLE_OBJC_ARC = YES;
				CLANG_ENABLE_OBJC_WEAK = YES;
				CLANG_WARN_BLOCK_CAPTURE_AUTORELEASING = YES;
				CLANG_WARN_BOOL_CONVERSION = YES;
				CLANG_WARN_COMMA = YES;
				CLANG_WARN_CONSTANT_CONVERSION = YES;
				CLANG_WARN_DEPRECATED_OBJC_IMPLEMENTATIONS = YES;
				CLANG_WARN_DIRECT_OBJC_ISA_USAGE = YES_ERROR;
				CLANG_WARN_DOCUMENTATION_COMMENTS = YES;
				CLANG_WARN_EMPTY_BODY = YES;
				CLANG_WARN_ENUM_CONVERSION = YES;
				CLANG_WARN_INFINITE_RECURSION = YES;
				CLANG_WARN_INT_CONVERSION = YES;
				CLANG_WARN_NON_LITERAL_NULL_CONVERSION = YES;
				CLANG_WARN_OBJC_IMPLICIT_RETAIN_SELF = YES;
				CLANG_WARN_OBJC_LITERAL_CONVERSION = YES;
				CLANG_WARN_OBJC_ROOT_CLASS = YES_ERROR;
				CLANG_WARN_QUOTED_INCLUDE_IN_FRAMEWORK_HEADER = YES;
				CLANG_WARN_RANGE_LOOP_ANALYSIS = YES;
				CLANG_WARN_STRICT_PROTOTYPES = YES;
				CLANG_WARN_SUSPICIOUS_MOVE = YES;
				CLANG_WARN_UNGUARDED_AVAILABILITY = YES_AGGRESSIVE;
				CLANG_WARN_UNREACHABLE_CODE = YES;
				CLANG_WARN__DUPLICATE_METHOD_MATCH = YES;
				COPY_PHASE_STRIP = NO;
				DEBUG_INFORMATION_FORMAT = "dwarf-with-dsym";
				ENABLE_NS_ASSERTIONS = NO;
				ENABLE_STRICT_OBJC_MSGSEND = YES;
				ENABLE_USER_SCRIPT_SANDBOXING = YES;
				GCC_C_LANGUAGE_STANDARD = gnu17;
				GCC_NO_COMMON_BLOCKS = YES;
				GCC_WARN_64_TO_32_BIT_CONVERSION = YES;
				GCC_WARN_ABOUT_RETURN_TYPE = YES_ERROR;
				GCC_WARN_UNDECLARED_SELECTOR = YES;
				GCC_WARN_UNINITIALIZED_AUTOS = YES_AGGRESSIVE;
				GCC_WARN_UNUSED_FUNCTION = YES;
				GCC_WARN_UNUSED_VARIABLE = YES;
				IPHONEOS_DEPLOYMENT_TARGET = 17.2;
				LOCALIZATION_PREFERS_STRING_CATALOGS = YES;
				MTL_ENABLE_DEBUG_INFO = NO;
				MTL_FAST_MATH = YES;
				SDKROOT = iphoneos;
				SWIFT_COMPILATION_MODE = wholemodule;
				VALIDATE_PRODUCT = YES;
			};
			name = Release;
		};
		1FC118642B8EE2B8005C69AF /* Debug */ = {
			isa = XCBuildConfiguration;
			buildSettings = {
				ASSETCATALOG_COMPILER_APPICON_NAME = AppIcon;
				ASSETCATALOG_COMPILER_GLOBAL_ACCENT_COLOR_NAME = AccentColor;
				CODE_SIGN_IDENTITY = "Apple Development";
				CODE_SIGN_STYLE = Automatic;
				CURRENT_PROJECT_VERSION = 1;
				DEVELOPMENT_ASSET_PATHS = "\"GoalFishMain/Preview Content\"";
				DEVELOPMENT_TEAM = 2Z8B6ZHC8V;
				ENABLE_PREVIEWS = YES;
				GENERATE_INFOPLIST_FILE = YES;
				INFOPLIST_FILE = "GoalFish-Info.plist";
				INFOPLIST_KEY_UIApplicationSceneManifest_Generation = YES;
				INFOPLIST_KEY_UIApplicationSupportsIndirectInputEvents = YES;
				INFOPLIST_KEY_UILaunchScreen_Generation = YES;
				INFOPLIST_KEY_UISupportedInterfaceOrientations_iPad = "UIInterfaceOrientationPortrait UIInterfaceOrientationPortraitUpsideDown UIInterfaceOrientationLandscapeLeft UIInterfaceOrientationLandscapeRight";
				INFOPLIST_KEY_UISupportedInterfaceOrientations_iPhone = "UIInterfaceOrientationPortrait UIInterfaceOrientationLandscapeLeft UIInterfaceOrientationLandscapeRight";
				IPHONEOS_DEPLOYMENT_TARGET = 17.0;
				LD_RUNPATH_SEARCH_PATHS = (
					"$(inherited)",
					"@executable_path/Frameworks",
				);
				MARKETING_VERSION = 1.0;
				PRODUCT_BUNDLE_IDENTIFIER = ArjunGoalFish;
				PRODUCT_NAME = "$(TARGET_NAME)";
				PROVISIONING_PROFILE_SPECIFIER = "";
				SWIFT_EMIT_LOC_STRINGS = YES;
				SWIFT_VERSION = 5.0;
				TARGETED_DEVICE_FAMILY = "1,2";
			};
			name = Debug;
		};
		1FC118652B8EE2B8005C69AF /* Release */ = {
			isa = XCBuildConfiguration;
			buildSettings = {
				ASSETCATALOG_COMPILER_APPICON_NAME = AppIcon;
				ASSETCATALOG_COMPILER_GLOBAL_ACCENT_COLOR_NAME = AccentColor;
				CODE_SIGN_IDENTITY = "Apple Development";
				CODE_SIGN_STYLE = Automatic;
				CURRENT_PROJECT_VERSION = 1;
				DEVELOPMENT_ASSET_PATHS = "\"GoalFishMain/Preview Content\"";
				DEVELOPMENT_TEAM = 2Z8B6ZHC8V;
				ENABLE_PREVIEWS = YES;
				GENERATE_INFOPLIST_FILE = YES;
				INFOPLIST_FILE = "GoalFish-Info.plist";
				INFOPLIST_KEY_UIApplicationSceneManifest_Generation = YES;
				INFOPLIST_KEY_UIApplicationSupportsIndirectInputEvents = YES;
				INFOPLIST_KEY_UILaunchScreen_Generation = YES;
				INFOPLIST_KEY_UISupportedInterfaceOrientations_iPad = "UIInterfaceOrientationPortrait UIInterfaceOrientationPortraitUpsideDown UIInterfaceOrientationLandscapeLeft UIInterfaceOrientationLandscapeRight";
				INFOPLIST_KEY_UISupportedInterfaceOrientations_iPhone = "UIInterfaceOrientationPortrait UIInterfaceOrientationLandscapeLeft UIInterfaceOrientationLandscapeRight";
				IPHONEOS_DEPLOYMENT_TARGET = 17.0;
				LD_RUNPATH_SEARCH_PATHS = (
					"$(inherited)",
					"@executable_path/Frameworks",
				);
				MARKETING_VERSION = 1.0;
				PRODUCT_BUNDLE_IDENTIFIER = ArjunGoalFish;
				PRODUCT_NAME = "$(TARGET_NAME)";
				PROVISIONING_PROFILE_SPECIFIER = "";
				SWIFT_EMIT_LOC_STRINGS = YES;
				SWIFT_VERSION = 5.0;
				TARGETED_DEVICE_FAMILY = "1,2";
			};
			name = Release;
		};
		1FC118672B8EE2B8005C69AF /* Debug */ = {
			isa = XCBuildConfiguration;
			buildSettings = {
				ALWAYS_EMBED_SWIFT_STANDARD_LIBRARIES = YES;
				BUNDLE_LOADER = "$(TEST_HOST)";
				CODE_SIGN_STYLE = Automatic;
				CURRENT_PROJECT_VERSION = 1;
				DEVELOPMENT_TEAM = 8JR9LQVS6X;
				GENERATE_INFOPLIST_FILE = YES;
				IPHONEOS_DEPLOYMENT_TARGET = 17.2;
				MARKETING_VERSION = 1.0;
				PRODUCT_BUNDLE_IDENTIFIER = arjun.GoalFishTests;
				PRODUCT_NAME = "$(TARGET_NAME)";
				SWIFT_EMIT_LOC_STRINGS = NO;
				SWIFT_VERSION = 5.0;
				TARGETED_DEVICE_FAMILY = "1,2";
				TEST_HOST = "$(BUILT_PRODUCTS_DIR)/GoalFish.app/$(BUNDLE_EXECUTABLE_FOLDER_PATH)/GoalFish";
			};
			name = Debug;
		};
		1FC118682B8EE2B8005C69AF /* Release */ = {
			isa = XCBuildConfiguration;
			buildSettings = {
				ALWAYS_EMBED_SWIFT_STANDARD_LIBRARIES = YES;
				BUNDLE_LOADER = "$(TEST_HOST)";
				CODE_SIGN_STYLE = Automatic;
				CURRENT_PROJECT_VERSION = 1;
				DEVELOPMENT_TEAM = 8JR9LQVS6X;
				GENERATE_INFOPLIST_FILE = YES;
				IPHONEOS_DEPLOYMENT_TARGET = 17.2;
				MARKETING_VERSION = 1.0;
				PRODUCT_BUNDLE_IDENTIFIER = arjun.GoalFishTests;
				PRODUCT_NAME = "$(TARGET_NAME)";
				SWIFT_EMIT_LOC_STRINGS = NO;
				SWIFT_VERSION = 5.0;
				TARGETED_DEVICE_FAMILY = "1,2";
				TEST_HOST = "$(BUILT_PRODUCTS_DIR)/GoalFish.app/$(BUNDLE_EXECUTABLE_FOLDER_PATH)/GoalFish";
			};
			name = Release;
		};
		1FC1186A2B8EE2B8005C69AF /* Debug */ = {
			isa = XCBuildConfiguration;
			buildSettings = {
				ALWAYS_EMBED_SWIFT_STANDARD_LIBRARIES = YES;
				CODE_SIGN_STYLE = Automatic;
				CURRENT_PROJECT_VERSION = 1;
				DEVELOPMENT_TEAM = 8JR9LQVS6X;
				GENERATE_INFOPLIST_FILE = YES;
				MARKETING_VERSION = 1.0;
				PRODUCT_BUNDLE_IDENTIFIER = arjun.GoalFishUITests;
				PRODUCT_NAME = "$(TARGET_NAME)";
				SWIFT_EMIT_LOC_STRINGS = NO;
				SWIFT_VERSION = 5.0;
				TARGETED_DEVICE_FAMILY = "1,2";
				TEST_TARGET_NAME = GoalFish;
			};
			name = Debug;
		};
		1FC1186B2B8EE2B8005C69AF /* Release */ = {
			isa = XCBuildConfiguration;
			buildSettings = {
				ALWAYS_EMBED_SWIFT_STANDARD_LIBRARIES = YES;
				CODE_SIGN_STYLE = Automatic;
				CURRENT_PROJECT_VERSION = 1;
				DEVELOPMENT_TEAM = 8JR9LQVS6X;
				GENERATE_INFOPLIST_FILE = YES;
				MARKETING_VERSION = 1.0;
				PRODUCT_BUNDLE_IDENTIFIER = arjun.GoalFishUITests;
				PRODUCT_NAME = "$(TARGET_NAME)";
				SWIFT_EMIT_LOC_STRINGS = NO;
				SWIFT_VERSION = 5.0;
				TARGETED_DEVICE_FAMILY = "1,2";
				TEST_TARGET_NAME = GoalFish;
			};
			name = Release;
		};
/* End XCBuildConfiguration section */

/* Begin XCConfigurationList section */
		1FC1183A2B8EE2B7005C69AF /* Build configuration list for PBXProject "GoalFishMain" */ = {
			isa = XCConfigurationList;
			buildConfigurations = (
				1FC118612B8EE2B8005C69AF /* Debug */,
				1FC118622B8EE2B8005C69AF /* Release */,
			);
			defaultConfigurationIsVisible = 0;
			defaultConfigurationName = Release;
		};
		1FC118632B8EE2B8005C69AF /* Build configuration list for PBXNativeTarget "GoalFish" */ = {
			isa = XCConfigurationList;
			buildConfigurations = (
				1FC118642B8EE2B8005C69AF /* Debug */,
				1FC118652B8EE2B8005C69AF /* Release */,
			);
			defaultConfigurationIsVisible = 0;
			defaultConfigurationName = Release;
		};
		1FC118662B8EE2B8005C69AF /* Build configuration list for PBXNativeTarget "GoalFishTests" */ = {
			isa = XCConfigurationList;
			buildConfigurations = (
				1FC118672B8EE2B8005C69AF /* Debug */,
				1FC118682B8EE2B8005C69AF /* Release */,
			);
			defaultConfigurationIsVisible = 0;
			defaultConfigurationName = Release;
		};
		1FC118692B8EE2B8005C69AF /* Build configuration list for PBXNativeTarget "GoalFishUITests" */ = {
			isa = XCConfigurationList;
			buildConfigurations = (
				1FC1186A2B8EE2B8005C69AF /* Debug */,
				1FC1186B2B8EE2B8005C69AF /* Release */,
			);
			defaultConfigurationIsVisible = 0;
			defaultConfigurationName = Release;
		};
/* End XCConfigurationList section */

/* Begin XCRemoteSwiftPackageReference section */
		96FE98752CC590EC0060E28E /* XCRemoteSwiftPackageReference "CircularSlider" */ = {
			isa = XCRemoteSwiftPackageReference;
			repositoryURL = "https://github.com/terlan98/CircularSlider";
			requirement = {
				kind = upToNextMajorVersion;
				minimumVersion = 1.1.0;
			};
		};
		DC46E0FC2BC8F5200084D2D7 /* XCRemoteSwiftPackageReference "lottie-ios" */ = {
			isa = XCRemoteSwiftPackageReference;
			repositoryURL = "https://github.com/airbnb/lottie-ios";
			requirement = {
				kind = upToNextMajorVersion;
				minimumVersion = 4.4.2;
			};
		};
/* End XCRemoteSwiftPackageReference section */

/* Begin XCSwiftPackageProductDependency section */
		96FE98762CC590EC0060E28E /* CircularSlider */ = {
			isa = XCSwiftPackageProductDependency;
			package = 96FE98752CC590EC0060E28E /* XCRemoteSwiftPackageReference "CircularSlider" */;
			productName = CircularSlider;
		};
		DC46E0FD2BC8F5210084D2D7 /* Lottie */ = {
			isa = XCSwiftPackageProductDependency;
			package = DC46E0FC2BC8F5200084D2D7 /* XCRemoteSwiftPackageReference "lottie-ios" */;
			productName = Lottie;
		};
/* End XCSwiftPackageProductDependency section */
	};
	rootObject = 1FC118372B8EE2B7005C69AF /* Project object */;
}
